// !$*UTF8*$!
{
	archiveVersion = 1;
	classes = {
	};
	objectVersion = 46;
	objects = {

/* Begin PBXBuildFile section */
		081094DD1CB4587C004CDD1C /* TPCItemsMenuViewController.m in Sources */ = {isa = PBXBuildFile; fileRef = 44200D261CAEE8D000479D0D /* TPCItemsMenuViewController.m */; };
		085612FA1CADC2DB00452A49 /* TPCDimensionsViewController.m in Sources */ = {isa = PBXBuildFile; fileRef = 085612F91CADC2DB00452A49 /* TPCDimensionsViewController.m */; };
		087D35F71CBEC12700C144CC /* TPCSavedList.storyboard in Resources */ = {isa = PBXBuildFile; fileRef = 087D35F61CBEC12700C144CC /* TPCSavedList.storyboard */; };
		087D35FA1CBEC1A100C144CC /* TPCSavedListTableViewController.m in Sources */ = {isa = PBXBuildFile; fileRef = 087D35F91CBEC1A100C144CC /* TPCSavedListTableViewController.m */; };
		08DC6D691CAC7DD90084CF1D /* TPCMainViewController.m in Sources */ = {isa = PBXBuildFile; fileRef = 08DC6D681CAC7DD90084CF1D /* TPCMainViewController.m */; };
		1B160F591CC6EE65002F266E /* TPCRenameRoomViewController.m in Sources */ = {isa = PBXBuildFile; fileRef = 1B160F581CC6EE65002F266E /* TPCRenameRoomViewController.m */; };
		1B632DFA1CB8435900223CF4 /* TPCSecrets.m in Sources */ = {isa = PBXBuildFile; fileRef = 1B632DF91CB8435900223CF4 /* TPCSecrets.m */; };
		1B632E0A1CBD705000223CF4 /* Model.xcdatamodeld in Sources */ = {isa = PBXBuildFile; fileRef = 1B632E081CBD705000223CF4 /* Model.xcdatamodeld */; };
		1B632E2B1CBD713100223CF4 /* TPCSofa+CoreDataProperties.m in Sources */ = {isa = PBXBuildFile; fileRef = 1B632E0C1CBD713100223CF4 /* TPCSofa+CoreDataProperties.m */; };
		1B632E2C1CBD713100223CF4 /* TPCSofa.m in Sources */ = {isa = PBXBuildFile; fileRef = 1B632E0E1CBD713100223CF4 /* TPCSofa.m */; };
		1B632E2D1CBD713100223CF4 /* TPCMisc+CoreDataProperties.m in Sources */ = {isa = PBXBuildFile; fileRef = 1B632E101CBD713100223CF4 /* TPCMisc+CoreDataProperties.m */; };
		1B632E2E1CBD713100223CF4 /* TPCMisc.m in Sources */ = {isa = PBXBuildFile; fileRef = 1B632E121CBD713100223CF4 /* TPCMisc.m */; };
		1B632E2F1CBD713100223CF4 /* TPCChair+CoreDataProperties.m in Sources */ = {isa = PBXBuildFile; fileRef = 1B632E141CBD713100223CF4 /* TPCChair+CoreDataProperties.m */; };
		1B632E301CBD713100223CF4 /* TPCChair.m in Sources */ = {isa = PBXBuildFile; fileRef = 1B632E161CBD713100223CF4 /* TPCChair.m */; };
		1B632E311CBD713100223CF4 /* TPCBed+CoreDataProperties.m in Sources */ = {isa = PBXBuildFile; fileRef = 1B632E181CBD713100223CF4 /* TPCBed+CoreDataProperties.m */; };
		1B632E321CBD713100223CF4 /* TPCBed.m in Sources */ = {isa = PBXBuildFile; fileRef = 1B632E1A1CBD713100223CF4 /* TPCBed.m */; };
		1B632E351CBD713100223CF4 /* TPCTable+CoreDataProperties.m in Sources */ = {isa = PBXBuildFile; fileRef = 1B632E201CBD713100223CF4 /* TPCTable+CoreDataProperties.m */; };
		1B632E361CBD713100223CF4 /* TPCTable.m in Sources */ = {isa = PBXBuildFile; fileRef = 1B632E221CBD713100223CF4 /* TPCTable.m */; };
		1B632E371CBD713100223CF4 /* TPCFurniture+CoreDataProperties.m in Sources */ = {isa = PBXBuildFile; fileRef = 1B632E241CBD713100223CF4 /* TPCFurniture+CoreDataProperties.m */; };
		1B632E381CBD713100223CF4 /* TPCFurniture.m in Sources */ = {isa = PBXBuildFile; fileRef = 1B632E261CBD713100223CF4 /* TPCFurniture.m */; };
		1B632E3A1CBD713100223CF4 /* TPCRoom.m in Sources */ = {isa = PBXBuildFile; fileRef = 1B632E2A1CBD713100223CF4 /* TPCRoom.m */; };
		1B632E3C1CBDA84C00223CF4 /* TPCFurnitureButton.m in Sources */ = {isa = PBXBuildFile; fileRef = 0856133C1CB2DCA500452A49 /* TPCFurnitureButton.m */; };
		1B9FCD841CAAF3B40041D2DB /* main.m in Sources */ = {isa = PBXBuildFile; fileRef = 1B9FCD831CAAF3B40041D2DB /* main.m */; };
		1B9FCD871CAAF3B40041D2DB /* AppDelegate.m in Sources */ = {isa = PBXBuildFile; fileRef = 1B9FCD861CAAF3B40041D2DB /* AppDelegate.m */; };
		1B9FCD8D1CAAF3B40041D2DB /* TPCFloorplan.storyboard in Resources */ = {isa = PBXBuildFile; fileRef = 1B9FCD8B1CAAF3B40041D2DB /* TPCFloorplan.storyboard */; };
		1B9FCD8F1CAAF3B40041D2DB /* Assets.xcassets in Resources */ = {isa = PBXBuildFile; fileRef = 1B9FCD8E1CAAF3B40041D2DB /* Assets.xcassets */; };
		1B9FCD921CAAF3B40041D2DB /* LaunchScreen.storyboard in Resources */ = {isa = PBXBuildFile; fileRef = 1B9FCD901CAAF3B40041D2DB /* LaunchScreen.storyboard */; };
		1B9FCD9E1CAB1FA60041D2DB /* TPCItemCell.m in Sources */ = {isa = PBXBuildFile; fileRef = 1B9FCD9D1CAB1FA60041D2DB /* TPCItemCell.m */; };
		1BA169D11CAC22C500A4436A /* TPCCatalogDescriber.m in Sources */ = {isa = PBXBuildFile; fileRef = 1BA169D01CAC22C500A4436A /* TPCCatalogDescriber.m */; };
		1BA169D41CAC25B200A4436A /* TPCModelsGenerator.m in Sources */ = {isa = PBXBuildFile; fileRef = 1BA169D31CAC25B200A4436A /* TPCModelsGenerator.m */; };
		1BA169D71CAD708E00A4436A /* TPCStateManager.m in Sources */ = {isa = PBXBuildFile; fileRef = 1BA169D61CAD708E00A4436A /* TPCStateManager.m */; };
		24F6EC5CBA1B4BB45D99CB71 /* libPods-TeamPopcorn.a in Frameworks */ = {isa = PBXBuildFile; fileRef = E69358BB76E1C7D3F279A62B /* libPods-TeamPopcorn.a */; };
		44200D291CAEEA3D00479D0D /* TPCMain.storyboard in Resources */ = {isa = PBXBuildFile; fileRef = 44200D281CAEEA3D00479D0D /* TPCMain.storyboard */; };
		44C6C8091CAB354F00F21662 /* TPCEnterRoomDimensionViewController.m in Sources */ = {isa = PBXBuildFile; fileRef = 44C6C8081CAB354F00F21662 /* TPCEnterRoomDimensionViewController.m */; };
		44E86A651CC1783E005FE526 /* Launch Screen.storyboard in Resources */ = {isa = PBXBuildFile; fileRef = 44E86A641CC1783E005FE526 /* Launch Screen.storyboard */; };
		7B51EF381CC6D2DD00B39EC4 /* TPCAcknowledgements.storyboard in Resources */ = {isa = PBXBuildFile; fileRef = 7B51EF371CC6D2DD00B39EC4 /* TPCAcknowledgements.storyboard */; };
		7BB860BC1CB2D4F600294763 /* TPCFloorplanPicker.storyboard in Resources */ = {isa = PBXBuildFile; fileRef = 7BB860BB1CB2D4F600294763 /* TPCFloorplanPicker.storyboard */; };
		7BD92E681CB2E0B200E28D97 /* TPCFloorplanPickerViewController.m in Sources */ = {isa = PBXBuildFile; fileRef = 7BD92E671CB2E0B200E28D97 /* TPCFloorplanPickerViewController.m */; };
		7BE73A5F1CAC39C6007BA5A1 /* TPCConstants.m in Sources */ = {isa = PBXBuildFile; fileRef = 7BE73A5E1CAC39C6007BA5A1 /* TPCConstants.m */; };
		7BEAFEC21CC5546500824131 /* TPCRoom+CoreDataProperties.m in Sources */ = {isa = PBXBuildFile; fileRef = 7BEAFEC11CC5546500824131 /* TPCRoom+CoreDataProperties.m */; };
/* End PBXBuildFile section */

/* Begin PBXFileReference section */
		085612F81CADC2DB00452A49 /* TPCDimensionsViewController.h */ = {isa = PBXFileReference; fileEncoding = 4; lastKnownFileType = sourcecode.c.h; path = TPCDimensionsViewController.h; sourceTree = "<group>"; };
		085612F91CADC2DB00452A49 /* TPCDimensionsViewController.m */ = {isa = PBXFileReference; fileEncoding = 4; lastKnownFileType = sourcecode.c.objc; path = TPCDimensionsViewController.m; sourceTree = "<group>"; };
		0856133B1CB2DCA500452A49 /* TPCFurnitureButton.h */ = {isa = PBXFileReference; fileEncoding = 4; lastKnownFileType = sourcecode.c.h; path = TPCFurnitureButton.h; sourceTree = "<group>"; };
		0856133C1CB2DCA500452A49 /* TPCFurnitureButton.m */ = {isa = PBXFileReference; fileEncoding = 4; lastKnownFileType = sourcecode.c.objc; path = TPCFurnitureButton.m; sourceTree = "<group>"; };
		087D35F61CBEC12700C144CC /* TPCSavedList.storyboard */ = {isa = PBXFileReference; fileEncoding = 4; lastKnownFileType = file.storyboard; path = TPCSavedList.storyboard; sourceTree = "<group>"; };
		087D35F81CBEC1A100C144CC /* TPCSavedListTableViewController.h */ = {isa = PBXFileReference; fileEncoding = 4; lastKnownFileType = sourcecode.c.h; path = TPCSavedListTableViewController.h; sourceTree = "<group>"; };
		087D35F91CBEC1A100C144CC /* TPCSavedListTableViewController.m */ = {isa = PBXFileReference; fileEncoding = 4; lastKnownFileType = sourcecode.c.objc; path = TPCSavedListTableViewController.m; sourceTree = "<group>"; };
		08DC6D671CAC7DD90084CF1D /* TPCMainViewController.h */ = {isa = PBXFileReference; fileEncoding = 4; lastKnownFileType = sourcecode.c.h; path = TPCMainViewController.h; sourceTree = "<group>"; };
		08DC6D681CAC7DD90084CF1D /* TPCMainViewController.m */ = {isa = PBXFileReference; fileEncoding = 4; lastKnownFileType = sourcecode.c.objc; path = TPCMainViewController.m; sourceTree = "<group>"; };
		1B160F571CC6EE65002F266E /* TPCRenameRoomViewController.h */ = {isa = PBXFileReference; fileEncoding = 4; lastKnownFileType = sourcecode.c.h; path = TPCRenameRoomViewController.h; sourceTree = "<group>"; };
		1B160F581CC6EE65002F266E /* TPCRenameRoomViewController.m */ = {isa = PBXFileReference; fileEncoding = 4; lastKnownFileType = sourcecode.c.objc; path = TPCRenameRoomViewController.m; sourceTree = "<group>"; };
		1B632DF91CB8435900223CF4 /* TPCSecrets.m */ = {isa = PBXFileReference; fileEncoding = 4; lastKnownFileType = sourcecode.c.objc; path = TPCSecrets.m; sourceTree = "<group>"; };
		1B632E091CBD705000223CF4 /* Model.xcdatamodel */ = {isa = PBXFileReference; lastKnownFileType = wrapper.xcdatamodel; path = Model.xcdatamodel; sourceTree = "<group>"; };
		1B632E0B1CBD713100223CF4 /* TPCSofa+CoreDataProperties.h */ = {isa = PBXFileReference; fileEncoding = 4; lastKnownFileType = sourcecode.c.h; path = "TPCSofa+CoreDataProperties.h"; sourceTree = "<group>"; };
		1B632E0C1CBD713100223CF4 /* TPCSofa+CoreDataProperties.m */ = {isa = PBXFileReference; fileEncoding = 4; lastKnownFileType = sourcecode.c.objc; path = "TPCSofa+CoreDataProperties.m"; sourceTree = "<group>"; };
		1B632E0D1CBD713100223CF4 /* TPCSofa.h */ = {isa = PBXFileReference; fileEncoding = 4; lastKnownFileType = sourcecode.c.h; path = TPCSofa.h; sourceTree = "<group>"; };
		1B632E0E1CBD713100223CF4 /* TPCSofa.m */ = {isa = PBXFileReference; fileEncoding = 4; lastKnownFileType = sourcecode.c.objc; path = TPCSofa.m; sourceTree = "<group>"; };
		1B632E0F1CBD713100223CF4 /* TPCMisc+CoreDataProperties.h */ = {isa = PBXFileReference; fileEncoding = 4; lastKnownFileType = sourcecode.c.h; path = "TPCMisc+CoreDataProperties.h"; sourceTree = "<group>"; };
		1B632E101CBD713100223CF4 /* TPCMisc+CoreDataProperties.m */ = {isa = PBXFileReference; fileEncoding = 4; lastKnownFileType = sourcecode.c.objc; path = "TPCMisc+CoreDataProperties.m"; sourceTree = "<group>"; };
		1B632E111CBD713100223CF4 /* TPCMisc.h */ = {isa = PBXFileReference; fileEncoding = 4; lastKnownFileType = sourcecode.c.h; path = TPCMisc.h; sourceTree = "<group>"; };
		1B632E121CBD713100223CF4 /* TPCMisc.m */ = {isa = PBXFileReference; fileEncoding = 4; lastKnownFileType = sourcecode.c.objc; path = TPCMisc.m; sourceTree = "<group>"; };
		1B632E131CBD713100223CF4 /* TPCChair+CoreDataProperties.h */ = {isa = PBXFileReference; fileEncoding = 4; lastKnownFileType = sourcecode.c.h; path = "TPCChair+CoreDataProperties.h"; sourceTree = "<group>"; };
		1B632E141CBD713100223CF4 /* TPCChair+CoreDataProperties.m */ = {isa = PBXFileReference; fileEncoding = 4; lastKnownFileType = sourcecode.c.objc; path = "TPCChair+CoreDataProperties.m"; sourceTree = "<group>"; };
		1B632E151CBD713100223CF4 /* TPCChair.h */ = {isa = PBXFileReference; fileEncoding = 4; lastKnownFileType = sourcecode.c.h; path = TPCChair.h; sourceTree = "<group>"; };
		1B632E161CBD713100223CF4 /* TPCChair.m */ = {isa = PBXFileReference; fileEncoding = 4; lastKnownFileType = sourcecode.c.objc; path = TPCChair.m; sourceTree = "<group>"; };
		1B632E171CBD713100223CF4 /* TPCBed+CoreDataProperties.h */ = {isa = PBXFileReference; fileEncoding = 4; lastKnownFileType = sourcecode.c.h; path = "TPCBed+CoreDataProperties.h"; sourceTree = "<group>"; };
		1B632E181CBD713100223CF4 /* TPCBed+CoreDataProperties.m */ = {isa = PBXFileReference; fileEncoding = 4; lastKnownFileType = sourcecode.c.objc; path = "TPCBed+CoreDataProperties.m"; sourceTree = "<group>"; };
		1B632E191CBD713100223CF4 /* TPCBed.h */ = {isa = PBXFileReference; fileEncoding = 4; lastKnownFileType = sourcecode.c.h; path = TPCBed.h; sourceTree = "<group>"; };
		1B632E1A1CBD713100223CF4 /* TPCBed.m */ = {isa = PBXFileReference; fileEncoding = 4; lastKnownFileType = sourcecode.c.objc; path = TPCBed.m; sourceTree = "<group>"; };
		1B632E1F1CBD713100223CF4 /* TPCTable+CoreDataProperties.h */ = {isa = PBXFileReference; fileEncoding = 4; lastKnownFileType = sourcecode.c.h; path = "TPCTable+CoreDataProperties.h"; sourceTree = "<group>"; };
		1B632E201CBD713100223CF4 /* TPCTable+CoreDataProperties.m */ = {isa = PBXFileReference; fileEncoding = 4; lastKnownFileType = sourcecode.c.objc; path = "TPCTable+CoreDataProperties.m"; sourceTree = "<group>"; };
		1B632E211CBD713100223CF4 /* TPCTable.h */ = {isa = PBXFileReference; fileEncoding = 4; lastKnownFileType = sourcecode.c.h; path = TPCTable.h; sourceTree = "<group>"; };
		1B632E221CBD713100223CF4 /* TPCTable.m */ = {isa = PBXFileReference; fileEncoding = 4; lastKnownFileType = sourcecode.c.objc; path = TPCTable.m; sourceTree = "<group>"; };
		1B632E231CBD713100223CF4 /* TPCFurniture+CoreDataProperties.h */ = {isa = PBXFileReference; fileEncoding = 4; lastKnownFileType = sourcecode.c.h; path = "TPCFurniture+CoreDataProperties.h"; sourceTree = "<group>"; };
		1B632E241CBD713100223CF4 /* TPCFurniture+CoreDataProperties.m */ = {isa = PBXFileReference; fileEncoding = 4; lastKnownFileType = sourcecode.c.objc; path = "TPCFurniture+CoreDataProperties.m"; sourceTree = "<group>"; };
		1B632E251CBD713100223CF4 /* TPCFurniture.h */ = {isa = PBXFileReference; fileEncoding = 4; lastKnownFileType = sourcecode.c.h; path = TPCFurniture.h; sourceTree = "<group>"; };
		1B632E261CBD713100223CF4 /* TPCFurniture.m */ = {isa = PBXFileReference; fileEncoding = 4; lastKnownFileType = sourcecode.c.objc; path = TPCFurniture.m; sourceTree = "<group>"; };
		1B632E291CBD713100223CF4 /* TPCRoom.h */ = {isa = PBXFileReference; fileEncoding = 4; lastKnownFileType = sourcecode.c.h; path = TPCRoom.h; sourceTree = "<group>"; };
		1B632E2A1CBD713100223CF4 /* TPCRoom.m */ = {isa = PBXFileReference; fileEncoding = 4; lastKnownFileType = sourcecode.c.objc; path = TPCRoom.m; sourceTree = "<group>"; };
		1B9FCD7F1CAAF3B30041D2DB /* TeamPopcorn.app */ = {isa = PBXFileReference; explicitFileType = wrapper.application; includeInIndex = 0; path = TeamPopcorn.app; sourceTree = BUILT_PRODUCTS_DIR; };
		1B9FCD831CAAF3B40041D2DB /* main.m */ = {isa = PBXFileReference; lastKnownFileType = sourcecode.c.objc; path = main.m; sourceTree = "<group>"; };
		1B9FCD851CAAF3B40041D2DB /* AppDelegate.h */ = {isa = PBXFileReference; lastKnownFileType = sourcecode.c.h; path = AppDelegate.h; sourceTree = "<group>"; };
		1B9FCD861CAAF3B40041D2DB /* AppDelegate.m */ = {isa = PBXFileReference; lastKnownFileType = sourcecode.c.objc; path = AppDelegate.m; sourceTree = "<group>"; };
		1B9FCD8C1CAAF3B40041D2DB /* Base */ = {isa = PBXFileReference; lastKnownFileType = file.storyboard; name = Base; path = Base.lproj/TPCFloorplan.storyboard; sourceTree = "<group>"; };
		1B9FCD8E1CAAF3B40041D2DB /* Assets.xcassets */ = {isa = PBXFileReference; lastKnownFileType = folder.assetcatalog; path = Assets.xcassets; sourceTree = "<group>"; };
		1B9FCD911CAAF3B40041D2DB /* Base */ = {isa = PBXFileReference; lastKnownFileType = file.storyboard; name = Base; path = Base.lproj/LaunchScreen.storyboard; sourceTree = "<group>"; };
		1B9FCD931CAAF3B40041D2DB /* Info.plist */ = {isa = PBXFileReference; lastKnownFileType = text.plist.xml; path = Info.plist; sourceTree = "<group>"; };
		1B9FCD991CAAF56A0041D2DB /* TPCSecrets.h */ = {isa = PBXFileReference; fileEncoding = 4; lastKnownFileType = sourcecode.c.h; path = TPCSecrets.h; sourceTree = "<group>"; };
		1B9FCD9C1CAB1FA60041D2DB /* TPCItemCell.h */ = {isa = PBXFileReference; fileEncoding = 4; lastKnownFileType = sourcecode.c.h; path = TPCItemCell.h; sourceTree = "<group>"; };
		1B9FCD9D1CAB1FA60041D2DB /* TPCItemCell.m */ = {isa = PBXFileReference; fileEncoding = 4; lastKnownFileType = sourcecode.c.objc; path = TPCItemCell.m; sourceTree = "<group>"; };
		1BA169CE1CAC1FC600A4436A /* TPCModels.h */ = {isa = PBXFileReference; fileEncoding = 4; lastKnownFileType = sourcecode.c.h; path = TPCModels.h; sourceTree = "<group>"; };
		1BA169CF1CAC22C500A4436A /* TPCCatalogDescriber.h */ = {isa = PBXFileReference; fileEncoding = 4; lastKnownFileType = sourcecode.c.h; path = TPCCatalogDescriber.h; sourceTree = "<group>"; };
		1BA169D01CAC22C500A4436A /* TPCCatalogDescriber.m */ = {isa = PBXFileReference; fileEncoding = 4; lastKnownFileType = sourcecode.c.objc; path = TPCCatalogDescriber.m; sourceTree = "<group>"; };
		1BA169D21CAC25B200A4436A /* TPCModelsGenerator.h */ = {isa = PBXFileReference; fileEncoding = 4; lastKnownFileType = sourcecode.c.h; path = TPCModelsGenerator.h; sourceTree = "<group>"; };
		1BA169D31CAC25B200A4436A /* TPCModelsGenerator.m */ = {isa = PBXFileReference; fileEncoding = 4; lastKnownFileType = sourcecode.c.objc; path = TPCModelsGenerator.m; sourceTree = "<group>"; };
		1BA169D51CAD708E00A4436A /* TPCStateManager.h */ = {isa = PBXFileReference; fileEncoding = 4; lastKnownFileType = sourcecode.c.h; path = TPCStateManager.h; sourceTree = "<group>"; };
		1BA169D61CAD708E00A4436A /* TPCStateManager.m */ = {isa = PBXFileReference; fileEncoding = 4; lastKnownFileType = sourcecode.c.objc; path = TPCStateManager.m; sourceTree = "<group>"; };
		44200D251CAEE8D000479D0D /* TPCItemsMenuViewController.h */ = {isa = PBXFileReference; fileEncoding = 4; lastKnownFileType = sourcecode.c.h; path = TPCItemsMenuViewController.h; sourceTree = "<group>"; };
		44200D261CAEE8D000479D0D /* TPCItemsMenuViewController.m */ = {isa = PBXFileReference; fileEncoding = 4; lastKnownFileType = sourcecode.c.objc; path = TPCItemsMenuViewController.m; sourceTree = "<group>"; };
		44200D281CAEEA3D00479D0D /* TPCMain.storyboard */ = {isa = PBXFileReference; fileEncoding = 4; lastKnownFileType = file.storyboard; path = TPCMain.storyboard; sourceTree = "<group>"; };
		44C6C8071CAB354F00F21662 /* TPCEnterRoomDimensionViewController.h */ = {isa = PBXFileReference; fileEncoding = 4; lastKnownFileType = sourcecode.c.h; path = TPCEnterRoomDimensionViewController.h; sourceTree = "<group>"; };
		44C6C8081CAB354F00F21662 /* TPCEnterRoomDimensionViewController.m */ = {isa = PBXFileReference; fileEncoding = 4; lastKnownFileType = sourcecode.c.objc; path = TPCEnterRoomDimensionViewController.m; sourceTree = "<group>"; };
		44E86A641CC1783E005FE526 /* Launch Screen.storyboard */ = {isa = PBXFileReference; fileEncoding = 4; lastKnownFileType = file.storyboard; path = "Launch Screen.storyboard"; sourceTree = "<group>"; };
		5995AE3C99F7B75E1C0E90E0 /* Pods-TeamPopcorn.debug.xcconfig */ = {isa = PBXFileReference; includeInIndex = 1; lastKnownFileType = text.xcconfig; name = "Pods-TeamPopcorn.debug.xcconfig"; path = "Pods/Target Support Files/Pods-TeamPopcorn/Pods-TeamPopcorn.debug.xcconfig"; sourceTree = "<group>"; };
		7B51EF371CC6D2DD00B39EC4 /* TPCAcknowledgements.storyboard */ = {isa = PBXFileReference; fileEncoding = 4; lastKnownFileType = file.storyboard; path = TPCAcknowledgements.storyboard; sourceTree = "<group>"; };
		7BB860BB1CB2D4F600294763 /* TPCFloorplanPicker.storyboard */ = {isa = PBXFileReference; fileEncoding = 4; lastKnownFileType = file.storyboard; path = TPCFloorplanPicker.storyboard; sourceTree = "<group>"; };
		7BD92E661CB2E0B200E28D97 /* TPCFloorplanPickerViewController.h */ = {isa = PBXFileReference; fileEncoding = 4; lastKnownFileType = sourcecode.c.h; path = TPCFloorplanPickerViewController.h; sourceTree = "<group>"; };
		7BD92E671CB2E0B200E28D97 /* TPCFloorplanPickerViewController.m */ = {isa = PBXFileReference; fileEncoding = 4; lastKnownFileType = sourcecode.c.objc; path = TPCFloorplanPickerViewController.m; sourceTree = "<group>"; };
		7BE73A5D1CAC39C6007BA5A1 /* TPCConstants.h */ = {isa = PBXFileReference; fileEncoding = 4; lastKnownFileType = sourcecode.c.h; path = TPCConstants.h; sourceTree = "<group>"; };
		7BE73A5E1CAC39C6007BA5A1 /* TPCConstants.m */ = {isa = PBXFileReference; fileEncoding = 4; lastKnownFileType = sourcecode.c.objc; path = TPCConstants.m; sourceTree = "<group>"; };
		7BEAFEC01CC5546500824131 /* TPCRoom+CoreDataProperties.h */ = {isa = PBXFileReference; fileEncoding = 4; lastKnownFileType = sourcecode.c.h; path = "TPCRoom+CoreDataProperties.h"; sourceTree = "<group>"; };
		7BEAFEC11CC5546500824131 /* TPCRoom+CoreDataProperties.m */ = {isa = PBXFileReference; fileEncoding = 4; lastKnownFileType = sourcecode.c.objc; path = "TPCRoom+CoreDataProperties.m"; sourceTree = "<group>"; };
		DBCD10CA7A0BCA1BBE2B8673 /* Pods-TeamPopcorn.release.xcconfig */ = {isa = PBXFileReference; includeInIndex = 1; lastKnownFileType = text.xcconfig; name = "Pods-TeamPopcorn.release.xcconfig"; path = "Pods/Target Support Files/Pods-TeamPopcorn/Pods-TeamPopcorn.release.xcconfig"; sourceTree = "<group>"; };
		E69358BB76E1C7D3F279A62B /* libPods-TeamPopcorn.a */ = {isa = PBXFileReference; explicitFileType = archive.ar; includeInIndex = 0; path = "libPods-TeamPopcorn.a"; sourceTree = BUILT_PRODUCTS_DIR; };
/* End PBXFileReference section */

/* Begin PBXFrameworksBuildPhase section */
		1B9FCD7C1CAAF3B30041D2DB /* Frameworks */ = {
			isa = PBXFrameworksBuildPhase;
			buildActionMask = 2147483647;
			files = (
				24F6EC5CBA1B4BB45D99CB71 /* libPods-TeamPopcorn.a in Frameworks */,
			);
			runOnlyForDeploymentPostprocessing = 0;
		};
/* End PBXFrameworksBuildPhase section */

/* Begin PBXGroup section */
		1B9FCD761CAAF3B30041D2DB = {
			isa = PBXGroup;
			children = (
				1B9FCD811CAAF3B40041D2DB /* TeamPopcorn */,
				1B9FCD801CAAF3B30041D2DB /* Products */,
				2DD32ADFCB25FB1CB5BB4C56 /* Pods */,
				9B62C5A1E4A6A664923F4D56 /* Frameworks */,
			);
			sourceTree = "<group>";
		};
		1B9FCD801CAAF3B30041D2DB /* Products */ = {
			isa = PBXGroup;
			children = (
				1B9FCD7F1CAAF3B30041D2DB /* TeamPopcorn.app */,
			);
			name = Products;
			sourceTree = "<group>";
		};
		1B9FCD811CAAF3B40041D2DB /* TeamPopcorn */ = {
			isa = PBXGroup;
			children = (
				1BA169CB1CAC1CA200A4436A /* M */,
				1BA169CC1CAC1CB600A4436A /* V */,
				1BA169CD1CAC1E0C00A4436A /* C */,
				1B9FCD821CAAF3B40041D2DB /* Supporting Files */,
			);
			path = TeamPopcorn;
			sourceTree = "<group>";
		};
		1B9FCD821CAAF3B40041D2DB /* Supporting Files */ = {
			isa = PBXGroup;
			children = (
				1B9FCD991CAAF56A0041D2DB /* TPCSecrets.h */,
				1B632DF91CB8435900223CF4 /* TPCSecrets.m */,
				1B9FCD851CAAF3B40041D2DB /* AppDelegate.h */,
				1B9FCD861CAAF3B40041D2DB /* AppDelegate.m */,
				1B9FCD831CAAF3B40041D2DB /* main.m */,
				1B9FCD901CAAF3B40041D2DB /* LaunchScreen.storyboard */,
				1B9FCD931CAAF3B40041D2DB /* Info.plist */,
				1B9FCD8E1CAAF3B40041D2DB /* Assets.xcassets */,
			);
			name = "Supporting Files";
			sourceTree = "<group>";
		};
		1BA169CB1CAC1CA200A4436A /* M */ = {
			isa = PBXGroup;
			children = (
				1B632E081CBD705000223CF4 /* Model.xcdatamodeld */,
				1B632E231CBD713100223CF4 /* TPCFurniture+CoreDataProperties.h */,
				1B632E241CBD713100223CF4 /* TPCFurniture+CoreDataProperties.m */,
				1B632E251CBD713100223CF4 /* TPCFurniture.h */,
				1B632E261CBD713100223CF4 /* TPCFurniture.m */,
				0856133B1CB2DCA500452A49 /* TPCFurnitureButton.h */,
				0856133C1CB2DCA500452A49 /* TPCFurnitureButton.m */,
				7BEAFEC01CC5546500824131 /* TPCRoom+CoreDataProperties.h */,
				7BEAFEC11CC5546500824131 /* TPCRoom+CoreDataProperties.m */,
				1B632E291CBD713100223CF4 /* TPCRoom.h */,
				1B632E2A1CBD713100223CF4 /* TPCRoom.m */,
				1B632E171CBD713100223CF4 /* TPCBed+CoreDataProperties.h */,
				1B632E181CBD713100223CF4 /* TPCBed+CoreDataProperties.m */,
				1B632E191CBD713100223CF4 /* TPCBed.h */,
				1B632E1A1CBD713100223CF4 /* TPCBed.m */,
				1B632E131CBD713100223CF4 /* TPCChair+CoreDataProperties.h */,
				1B632E141CBD713100223CF4 /* TPCChair+CoreDataProperties.m */,
				1B632E151CBD713100223CF4 /* TPCChair.h */,
				1B632E161CBD713100223CF4 /* TPCChair.m */,
				1B632E0F1CBD713100223CF4 /* TPCMisc+CoreDataProperties.h */,
				1B632E101CBD713100223CF4 /* TPCMisc+CoreDataProperties.m */,
				1B632E111CBD713100223CF4 /* TPCMisc.h */,
				1B632E121CBD713100223CF4 /* TPCMisc.m */,
				1B632E0B1CBD713100223CF4 /* TPCSofa+CoreDataProperties.h */,
				1B632E0C1CBD713100223CF4 /* TPCSofa+CoreDataProperties.m */,
				1B632E0D1CBD713100223CF4 /* TPCSofa.h */,
				1B632E0E1CBD713100223CF4 /* TPCSofa.m */,
				1B632E1F1CBD713100223CF4 /* TPCTable+CoreDataProperties.h */,
				1B632E201CBD713100223CF4 /* TPCTable+CoreDataProperties.m */,
				1B632E211CBD713100223CF4 /* TPCTable.h */,
				1B632E221CBD713100223CF4 /* TPCTable.m */,
				1BA169CE1CAC1FC600A4436A /* TPCModels.h */,
				7BE73A5D1CAC39C6007BA5A1 /* TPCConstants.h */,
				7BE73A5E1CAC39C6007BA5A1 /* TPCConstants.m */,
				1BA169CF1CAC22C500A4436A /* TPCCatalogDescriber.h */,
				1BA169D01CAC22C500A4436A /* TPCCatalogDescriber.m */,
				1BA169D21CAC25B200A4436A /* TPCModelsGenerator.h */,
				1BA169D31CAC25B200A4436A /* TPCModelsGenerator.m */,
				1BA169D51CAD708E00A4436A /* TPCStateManager.h */,
				1BA169D61CAD708E00A4436A /* TPCStateManager.m */,
			);
			name = M;
			sourceTree = "<group>";
		};
		1BA169CC1CAC1CB600A4436A /* V */ = {
			isa = PBXGroup;
			children = (
				44200D281CAEEA3D00479D0D /* TPCMain.storyboard */,
				1B9FCD8B1CAAF3B40041D2DB /* TPCFloorplan.storyboard */,
				7BB860BB1CB2D4F600294763 /* TPCFloorplanPicker.storyboard */,
				087D35F61CBEC12700C144CC /* TPCSavedList.storyboard */,
				7B51EF371CC6D2DD00B39EC4 /* TPCAcknowledgements.storyboard */,
				44E86A641CC1783E005FE526 /* Launch Screen.storyboard */,
				1B9FCD9C1CAB1FA60041D2DB /* TPCItemCell.h */,
				1B9FCD9D1CAB1FA60041D2DB /* TPCItemCell.m */,
			);
			name = V;
			sourceTree = "<group>";
		};
		1BA169CD1CAC1E0C00A4436A /* C */ = {
			isa = PBXGroup;
			children = (
				1B160F571CC6EE65002F266E /* TPCRenameRoomViewController.h */,
				1B160F581CC6EE65002F266E /* TPCRenameRoomViewController.m */,
				44200D251CAEE8D000479D0D /* TPCItemsMenuViewController.h */,
				44200D261CAEE8D000479D0D /* TPCItemsMenuViewController.m */,
				08DC6D671CAC7DD90084CF1D /* TPCMainViewController.h */,
				08DC6D681CAC7DD90084CF1D /* TPCMainViewController.m */,
				085612F81CADC2DB00452A49 /* TPCDimensionsViewController.h */,
				085612F91CADC2DB00452A49 /* TPCDimensionsViewController.m */,
				7BD92E661CB2E0B200E28D97 /* TPCFloorplanPickerViewController.h */,
				7BD92E671CB2E0B200E28D97 /* TPCFloorplanPickerViewController.m */,
				44C6C8071CAB354F00F21662 /* TPCEnterRoomDimensionViewController.h */,
				44C6C8081CAB354F00F21662 /* TPCEnterRoomDimensionViewController.m */,
				087D35F81CBEC1A100C144CC /* TPCSavedListTableViewController.h */,
				087D35F91CBEC1A100C144CC /* TPCSavedListTableViewController.m */,
			);
			name = C;
			sourceTree = "<group>";
		};
		2DD32ADFCB25FB1CB5BB4C56 /* Pods */ = {
			isa = PBXGroup;
			children = (
				5995AE3C99F7B75E1C0E90E0 /* Pods-TeamPopcorn.debug.xcconfig */,
				DBCD10CA7A0BCA1BBE2B8673 /* Pods-TeamPopcorn.release.xcconfig */,
			);
			name = Pods;
			sourceTree = "<group>";
		};
		9B62C5A1E4A6A664923F4D56 /* Frameworks */ = {
			isa = PBXGroup;
			children = (
				E69358BB76E1C7D3F279A62B /* libPods-TeamPopcorn.a */,
			);
			name = Frameworks;
			sourceTree = "<group>";
		};
/* End PBXGroup section */

/* Begin PBXNativeTarget section */
		1B9FCD7E1CAAF3B30041D2DB /* TeamPopcorn */ = {
			isa = PBXNativeTarget;
			buildConfigurationList = 1B9FCD961CAAF3B40041D2DB /* Build configuration list for PBXNativeTarget "TeamPopcorn" */;
			buildPhases = (
				E126D723C1E5A1C547090AA2 /* Check Pods Manifest.lock */,
				1B9FCD7B1CAAF3B30041D2DB /* Sources */,
				1B9FCD7C1CAAF3B30041D2DB /* Frameworks */,
				1B9FCD7D1CAAF3B30041D2DB /* Resources */,
				C6FEB94E66D618C5F53F0A4F /* Embed Pods Frameworks */,
				8C8CE6FE78F9CB76054CF56E /* Copy Pods Resources */,
			);
			buildRules = (
			);
			dependencies = (
			);
			name = TeamPopcorn;
			productName = TeamPopcorn;
			productReference = 1B9FCD7F1CAAF3B30041D2DB /* TeamPopcorn.app */;
			productType = "com.apple.product-type.application";
		};
/* End PBXNativeTarget section */

/* Begin PBXProject section */
		1B9FCD771CAAF3B30041D2DB /* Project object */ = {
			isa = PBXProject;
			attributes = {
				LastUpgradeCheck = 0730;
				ORGANIZATIONNAME = Popcorn;
				TargetAttributes = {
					1B9FCD7E1CAAF3B30041D2DB = {
						CreatedOnToolsVersion = 7.3;
						DevelopmentTeam = 972392M658;
					};
				};
			};
			buildConfigurationList = 1B9FCD7A1CAAF3B30041D2DB /* Build configuration list for PBXProject "TeamPopcorn" */;
			compatibilityVersion = "Xcode 3.2";
			developmentRegion = English;
			hasScannedForEncodings = 0;
			knownRegions = (
				en,
				Base,
			);
			mainGroup = 1B9FCD761CAAF3B30041D2DB;
			productRefGroup = 1B9FCD801CAAF3B30041D2DB /* Products */;
			projectDirPath = "";
			projectRoot = "";
			targets = (
				1B9FCD7E1CAAF3B30041D2DB /* TeamPopcorn */,
			);
		};
/* End PBXProject section */

/* Begin PBXResourcesBuildPhase section */
		1B9FCD7D1CAAF3B30041D2DB /* Resources */ = {
			isa = PBXResourcesBuildPhase;
			buildActionMask = 2147483647;
			files = (
				44E86A651CC1783E005FE526 /* Launch Screen.storyboard in Resources */,
				1B9FCD921CAAF3B40041D2DB /* LaunchScreen.storyboard in Resources */,
				7BB860BC1CB2D4F600294763 /* TPCFloorplanPicker.storyboard in Resources */,
				087D35F71CBEC12700C144CC /* TPCSavedList.storyboard in Resources */,
				1B9FCD8F1CAAF3B40041D2DB /* Assets.xcassets in Resources */,
				1B9FCD8D1CAAF3B40041D2DB /* TPCFloorplan.storyboard in Resources */,
				44200D291CAEEA3D00479D0D /* TPCMain.storyboard in Resources */,
				7B51EF381CC6D2DD00B39EC4 /* TPCAcknowledgements.storyboard in Resources */,
			);
			runOnlyForDeploymentPostprocessing = 0;
		};
/* End PBXResourcesBuildPhase section */

/* Begin PBXShellScriptBuildPhase section */
		8C8CE6FE78F9CB76054CF56E /* Copy Pods Resources */ = {
			isa = PBXShellScriptBuildPhase;
			buildActionMask = 2147483647;
			files = (
			);
			inputPaths = (
			);
			name = "Copy Pods Resources";
			outputPaths = (
			);
			runOnlyForDeploymentPostprocessing = 0;
			shellPath = /bin/sh;
			shellScript = "\"${SRCROOT}/Pods/Target Support Files/Pods-TeamPopcorn/Pods-TeamPopcorn-resources.sh\"\n";
			showEnvVarsInLog = 0;
		};
		C6FEB94E66D618C5F53F0A4F /* Embed Pods Frameworks */ = {
			isa = PBXShellScriptBuildPhase;
			buildActionMask = 2147483647;
			files = (
			);
			inputPaths = (
			);
			name = "Embed Pods Frameworks";
			outputPaths = (
			);
			runOnlyForDeploymentPostprocessing = 0;
			shellPath = /bin/sh;
			shellScript = "\"${SRCROOT}/Pods/Target Support Files/Pods-TeamPopcorn/Pods-TeamPopcorn-frameworks.sh\"\n";
			showEnvVarsInLog = 0;
		};
		E126D723C1E5A1C547090AA2 /* Check Pods Manifest.lock */ = {
			isa = PBXShellScriptBuildPhase;
			buildActionMask = 2147483647;
			files = (
			);
			inputPaths = (
			);
			name = "Check Pods Manifest.lock";
			outputPaths = (
			);
			runOnlyForDeploymentPostprocessing = 0;
			shellPath = /bin/sh;
			shellScript = "diff \"${PODS_ROOT}/../Podfile.lock\" \"${PODS_ROOT}/Manifest.lock\" > /dev/null\nif [[ $? != 0 ]] ; then\n    cat << EOM\nerror: The sandbox is not in sync with the Podfile.lock. Run 'pod install' or update your CocoaPods installation.\nEOM\n    exit 1\nfi\n";
			showEnvVarsInLog = 0;
		};
/* End PBXShellScriptBuildPhase section */

/* Begin PBXSourcesBuildPhase section */
		1B9FCD7B1CAAF3B30041D2DB /* Sources */ = {
			isa = PBXSourcesBuildPhase;
			buildActionMask = 2147483647;
			files = (
				081094DD1CB4587C004CDD1C /* TPCItemsMenuViewController.m in Sources */,
				08DC6D691CAC7DD90084CF1D /* TPCMainViewController.m in Sources */,
				1B632E3C1CBDA84C00223CF4 /* TPCFurnitureButton.m in Sources */,
				7BE73A5F1CAC39C6007BA5A1 /* TPCConstants.m in Sources */,
				1B632E2E1CBD713100223CF4 /* TPCMisc.m in Sources */,
				1B632E2C1CBD713100223CF4 /* TPCSofa.m in Sources */,
				1B632E381CBD713100223CF4 /* TPCFurniture.m in Sources */,
				1B632E2B1CBD713100223CF4 /* TPCSofa+CoreDataProperties.m in Sources */,
				085612FA1CADC2DB00452A49 /* TPCDimensionsViewController.m in Sources */,
				1B632E351CBD713100223CF4 /* TPCTable+CoreDataProperties.m in Sources */,
				1B160F591CC6EE65002F266E /* TPCRenameRoomViewController.m in Sources */,
				1B9FCD9E1CAB1FA60041D2DB /* TPCItemCell.m in Sources */,
				1B632E0A1CBD705000223CF4 /* Model.xcdatamodeld in Sources */,
				1B632E361CBD713100223CF4 /* TPCTable.m in Sources */,
				7BD92E681CB2E0B200E28D97 /* TPCFloorplanPickerViewController.m in Sources */,
				44C6C8091CAB354F00F21662 /* TPCEnterRoomDimensionViewController.m in Sources */,
				1B9FCD871CAAF3B40041D2DB /* AppDelegate.m in Sources */,
				1B632E301CBD713100223CF4 /* TPCChair.m in Sources */,
				1B9FCD841CAAF3B40041D2DB /* main.m in Sources */,
				1BA169D41CAC25B200A4436A /* TPCModelsGenerator.m in Sources */,
				1B632E2F1CBD713100223CF4 /* TPCChair+CoreDataProperties.m in Sources */,
				1BA169D71CAD708E00A4436A /* TPCStateManager.m in Sources */,
				1B632E3A1CBD713100223CF4 /* TPCRoom.m in Sources */,
				1B632DFA1CB8435900223CF4 /* TPCSecrets.m in Sources */,
				087D35FA1CBEC1A100C144CC /* TPCSavedListTableViewController.m in Sources */,
				7BEAFEC21CC5546500824131 /* TPCRoom+CoreDataProperties.m in Sources */,
				1BA169D11CAC22C500A4436A /* TPCCatalogDescriber.m in Sources */,
				1B632E2D1CBD713100223CF4 /* TPCMisc+CoreDataProperties.m in Sources */,
				1B632E321CBD713100223CF4 /* TPCBed.m in Sources */,
				1B632E311CBD713100223CF4 /* TPCBed+CoreDataProperties.m in Sources */,
				1B632E371CBD713100223CF4 /* TPCFurniture+CoreDataProperties.m in Sources */,
			);
			runOnlyForDeploymentPostprocessing = 0;
		};
/* End PBXSourcesBuildPhase section */

/* Begin PBXVariantGroup section */
		1B9FCD8B1CAAF3B40041D2DB /* TPCFloorplan.storyboard */ = {
			isa = PBXVariantGroup;
			children = (
				1B9FCD8C1CAAF3B40041D2DB /* Base */,
			);
			name = TPCFloorplan.storyboard;
			sourceTree = "<group>";
		};
		1B9FCD901CAAF3B40041D2DB /* LaunchScreen.storyboard */ = {
			isa = PBXVariantGroup;
			children = (
				1B9FCD911CAAF3B40041D2DB /* Base */,
			);
			name = LaunchScreen.storyboard;
			sourceTree = "<group>";
		};
/* End PBXVariantGroup section */

/* Begin XCBuildConfiguration section */
		1B9FCD941CAAF3B40041D2DB /* Debug */ = {
			isa = XCBuildConfiguration;
			buildSettings = {
				ALWAYS_SEARCH_USER_PATHS = NO;
				CLANG_ANALYZER_NONNULL = YES;
				CLANG_CXX_LANGUAGE_STANDARD = "gnu++0x";
				CLANG_CXX_LIBRARY = "libc++";
				CLANG_ENABLE_MODULES = YES;
				CLANG_ENABLE_OBJC_ARC = YES;
				CLANG_WARN_BOOL_CONVERSION = YES;
				CLANG_WARN_CONSTANT_CONVERSION = YES;
				CLANG_WARN_DIRECT_OBJC_ISA_USAGE = YES_ERROR;
				CLANG_WARN_EMPTY_BODY = YES;
				CLANG_WARN_ENUM_CONVERSION = YES;
				CLANG_WARN_INT_CONVERSION = YES;
				CLANG_WARN_OBJC_ROOT_CLASS = YES_ERROR;
				CLANG_WARN_UNREACHABLE_CODE = YES;
				CLANG_WARN__DUPLICATE_METHOD_MATCH = YES;
				"CODE_SIGN_IDENTITY[sdk=iphoneos*]" = "iPhone Developer";
				COPY_PHASE_STRIP = NO;
				DEBUG_INFORMATION_FORMAT = dwarf;
				ENABLE_STRICT_OBJC_MSGSEND = YES;
				ENABLE_TESTABILITY = YES;
				GCC_C_LANGUAGE_STANDARD = gnu99;
				GCC_DYNAMIC_NO_PIC = NO;
				GCC_NO_COMMON_BLOCKS = YES;
				GCC_OPTIMIZATION_LEVEL = 0;
				GCC_PREPROCESSOR_DEFINITIONS = (
					"DEBUG=1",
					"$(inherited)",
				);
				GCC_WARN_64_TO_32_BIT_CONVERSION = YES;
				GCC_WARN_ABOUT_RETURN_TYPE = YES_ERROR;
				GCC_WARN_UNDECLARED_SELECTOR = YES;
				GCC_WARN_UNINITIALIZED_AUTOS = YES_AGGRESSIVE;
				GCC_WARN_UNUSED_FUNCTION = YES;
				GCC_WARN_UNUSED_VARIABLE = YES;
				IPHONEOS_DEPLOYMENT_TARGET = 9.3;
				MTL_ENABLE_DEBUG_INFO = YES;
				ONLY_ACTIVE_ARCH = YES;
				SDKROOT = iphoneos;
				TARGETED_DEVICE_FAMILY = "1,2";
			};
			name = Debug;
		};
		1B9FCD951CAAF3B40041D2DB /* Release */ = {
			isa = XCBuildConfiguration;
			buildSettings = {
				ALWAYS_SEARCH_USER_PATHS = NO;
				CLANG_ANALYZER_NONNULL = YES;
				CLANG_CXX_LANGUAGE_STANDARD = "gnu++0x";
				CLANG_CXX_LIBRARY = "libc++";
				CLANG_ENABLE_MODULES = YES;
				CLANG_ENABLE_OBJC_ARC = YES;
				CLANG_WARN_BOOL_CONVERSION = YES;
				CLANG_WARN_CONSTANT_CONVERSION = YES;
				CLANG_WARN_DIRECT_OBJC_ISA_USAGE = YES_ERROR;
				CLANG_WARN_EMPTY_BODY = YES;
				CLANG_WARN_ENUM_CONVERSION = YES;
				CLANG_WARN_INT_CONVERSION = YES;
				CLANG_WARN_OBJC_ROOT_CLASS = YES_ERROR;
				CLANG_WARN_UNREACHABLE_CODE = YES;
				CLANG_WARN__DUPLICATE_METHOD_MATCH = YES;
				"CODE_SIGN_IDENTITY[sdk=iphoneos*]" = "iPhone Developer";
				COPY_PHASE_STRIP = NO;
				DEBUG_INFORMATION_FORMAT = "dwarf-with-dsym";
				ENABLE_NS_ASSERTIONS = NO;
				ENABLE_STRICT_OBJC_MSGSEND = YES;
				GCC_C_LANGUAGE_STANDARD = gnu99;
				GCC_NO_COMMON_BLOCKS = YES;
				GCC_WARN_64_TO_32_BIT_CONVERSION = YES;
				GCC_WARN_ABOUT_RETURN_TYPE = YES_ERROR;
				GCC_WARN_UNDECLARED_SELECTOR = YES;
				GCC_WARN_UNINITIALIZED_AUTOS = YES_AGGRESSIVE;
				GCC_WARN_UNUSED_FUNCTION = YES;
				GCC_WARN_UNUSED_VARIABLE = YES;
				IPHONEOS_DEPLOYMENT_TARGET = 9.3;
				MTL_ENABLE_DEBUG_INFO = NO;
				SDKROOT = iphoneos;
				TARGETED_DEVICE_FAMILY = "1,2";
				VALIDATE_PRODUCT = YES;
			};
			name = Release;
		};
		1B9FCD971CAAF3B40041D2DB /* Debug */ = {
			isa = XCBuildConfiguration;
			baseConfigurationReference = 5995AE3C99F7B75E1C0E90E0 /* Pods-TeamPopcorn.debug.xcconfig */;
			buildSettings = {
				CODE_SIGN_IDENTITY = "iPhone Developer";
				"CODE_SIGN_IDENTITY[sdk=iphoneos*]" = "iPhone Developer";
				INFOPLIST_FILE = TeamPopcorn/Info.plist;
				IPHONEOS_DEPLOYMENT_TARGET = 9.3;
				LD_RUNPATH_SEARCH_PATHS = "$(inherited) @executable_path/Frameworks";
				PRODUCT_BUNDLE_IDENTIFIER = com.flatironschool.popcorn.TeamPopcorn;
				PRODUCT_NAME = "$(TARGET_NAME)";
				PROVISIONING_PROFILE = "";
			};
			name = Debug;
		};
		1B9FCD981CAAF3B40041D2DB /* Release */ = {
			isa = XCBuildConfiguration;
			baseConfigurationReference = DBCD10CA7A0BCA1BBE2B8673 /* Pods-TeamPopcorn.release.xcconfig */;
			buildSettings = {
				CODE_SIGN_IDENTITY = "iPhone Developer";
				"CODE_SIGN_IDENTITY[sdk=iphoneos*]" = "iPhone Developer";
				INFOPLIST_FILE = TeamPopcorn/Info.plist;
				IPHONEOS_DEPLOYMENT_TARGET = 9.3;
				LD_RUNPATH_SEARCH_PATHS = "$(inherited) @executable_path/Frameworks";
				PRODUCT_BUNDLE_IDENTIFIER = com.flatironschool.popcorn.TeamPopcorn;
				PRODUCT_NAME = "$(TARGET_NAME)";
				PROVISIONING_PROFILE = "";
			};
			name = Release;
		};
/* End XCBuildConfiguration section */

/* Begin XCConfigurationList section */
		1B9FCD7A1CAAF3B30041D2DB /* Build configuration list for PBXProject "TeamPopcorn" */ = {
			isa = XCConfigurationList;
			buildConfigurations = (
				1B9FCD941CAAF3B40041D2DB /* Debug */,
				1B9FCD951CAAF3B40041D2DB /* Release */,
			);
			defaultConfigurationIsVisible = 0;
			defaultConfigurationName = Release;
		};
		1B9FCD961CAAF3B40041D2DB /* Build configuration list for PBXNativeTarget "TeamPopcorn" */ = {
			isa = XCConfigurationList;
			buildConfigurations = (
				1B9FCD971CAAF3B40041D2DB /* Debug */,
				1B9FCD981CAAF3B40041D2DB /* Release */,
			);
			defaultConfigurationIsVisible = 0;
			defaultConfigurationName = Release;
		};
/* End XCConfigurationList section */

/* Begin XCVersionGroup section */
		1B632E081CBD705000223CF4 /* Model.xcdatamodeld */ = {
			isa = XCVersionGroup;
			children = (
				1B632E091CBD705000223CF4 /* Model.xcdatamodel */,
			);
			currentVersion = 1B632E091CBD705000223CF4 /* Model.xcdatamodel */;
			path = Model.xcdatamodeld;
			sourceTree = "<group>";
			versionGroupType = wrapper.xcdatamodel;
		};
/* End XCVersionGroup section */
	};
	rootObject = 1B9FCD771CAAF3B30041D2DB /* Project object */;
}
